# @generated - this file is auto-generated by `mise lock` https://mise.jdx.dev/dev-tools/mise-lock.html

lockfile_version = 2

[[tools."aqua:EmbarkStudios/cargo-deny"]]
version = "0.20.2"
backend = "aqua:EmbarkStudios/cargo-deny"
specifiers = ["0.20.2"]

[tools."aqua:EmbarkStudios/cargo-deny"."platforms.linux-arm64"]
checksum = "sha256:995c82be0defc7a025cae49a2aa2644ce8245c9a3318fc4103907c6a285e8c7d"
url = "https://github.com/EmbarkStudios/cargo-deny/releases/download/0.20.2/cargo-deny-0.20.2-aarch64-unknown-linux-musl.tar.gz"
url_api = "https://api.github.com/repos/EmbarkStudios/cargo-deny/releases/assets/471598345"

[tools."aqua:EmbarkStudios/cargo-deny"."platforms.linux-x64"]
checksum = "sha256:9f12ed4c49936e09b48bf862b595cde2fe64fcbd9d74dfacac6131ca824c8d5f"
url = "https://github.com/EmbarkStudios/cargo-deny/releases/download/0.20.2/cargo-deny-0.20.2-x86_64-unknown-linux-musl.tar.gz"
url_api = "https://api.github.com/repos/EmbarkStudios/cargo-deny/releases/assets/471598214"

[tools."aqua:EmbarkStudios/cargo-deny"."platforms.macos-arm64"]
checksum = "sha256:fe67d82a10d8597a3549364cb733a3f9cc1bfff9031b7ae46384a9f2a72090c3"
url = "https://github.com/EmbarkStudios/cargo-deny/releases/download/0.20.2/cargo-deny-0.20.2-aarch64-apple-darwin.tar.gz"
url_api = "https://api.github.com/repos/EmbarkStudios/cargo-deny/releases/assets/471597689"

[[tools."aqua:astral-sh/uv"]]
version = "0.12.23"
backend = "aqua:astral-sh/uv"
specifiers = ["0.12.23"]

[tools."aqua:astral-sh/uv"."platforms.linux-arm64"]
checksum = "sha256:6524bd338177ed50d035d39354e12545e993bbeba2ecbddf0480c5b3a81d313f"
url = "https://github.com/astral-sh/uv/releases/download/0.12.23/uv-aarch64-unknown-linux-gnu.tar.gz"
url_api = "https://api.github.com/repos/astral-sh/uv/releases/assets/608232491"
provenance = "github-attestations"

[tools."aqua:astral-sh/uv"."platforms.linux-x64"]
checksum = "sha256:9167d72b3319674b6303c4cbe071854bba13ebdf3d76b1a7cbdc175471fb66d6"
url = "https://github.com/astral-sh/uv/releases/download/0.12.23/uv-x86_64-unknown-linux-gnu.tar.gz"
url_api = "https://api.github.com/repos/astral-sh/uv/releases/assets/608232628"
provenance = "github-attestations"

[tools."aqua:astral-sh/uv"."platforms.macos-arm64"]
checksum = "sha256:50487ae565ccd96e499056b4674d438f4c53170202617b4c759defe0c6a1b544"
url = "https://github.com/astral-sh/uv/releases/download/0.12.23/uv-aarch64-apple-darwin.tar.gz"
url_api = "https://api.github.com/repos/astral-sh/uv/releases/assets/608232483"
provenance = "github-attestations"

[[tools."aqua:google/yamlfmt"]]
version = "0.21.0"
backend = "aqua:google/yamlfmt"
specifiers = ["0.21.0"]

[tools."aqua:google/yamlfmt"."platforms.linux-arm64"]
checksum = "sha256:5b2689c963b177271330c5ce8ca7396751107e5a826be46f03d2cb9b6f0c7784"
url = "https://github.com/google/yamlfmt/releases/download/v0.21.0/yamlfmt_0.21.0_Linux_arm64.tar.gz"
url_api = "https://api.github.com/repos/google/yamlfmt/releases/assets/336650208"

[tools."aqua:google/yamlfmt"."platforms.linux-x64"]
checksum = "sha256:1f300d9257b232bb3b541d7fb1b0e6b3c121bcbab381c86cd38cb8722be8a566"
url = "https://github.com/google/yamlfmt/releases/download/v0.21.0/yamlfmt_0.21.0_Linux_x86_64.tar.gz"
url_api = "https://api.github.com/repos/google/yamlfmt/releases/assets/336650203"

[tools."aqua:google/yamlfmt"."platforms.macos-arm64"]
checksum = "sha256:4b417ecb94339d57e4c122ecc948c1a00fe328b5853266de9806e652a92858fa"
url = "https://github.com/google/yamlfmt/releases/download/v0.21.0/yamlfmt_0.21.0_Darwin_arm64.tar.gz"
url_api = "https://api.github.com/repos/google/yamlfmt/releases/assets/336650209"

[[tools."aqua:jdx/hk"]]
version = "2.4.0"
backend = "aqua:jdx/hk"
specifiers = ["2.4.0"]

[tools."aqua:jdx/hk"."platforms.linux-arm64"]
checksum = "sha256:836235bd8aa06f25e7ff28591b32efb5297abe55366e912095636a49ffe4d363"
url = "https://github.com/jdx/hk/releases/download/v2.4.0/hk-aarch64-unknown-linux-gnu.tar.gz"
url_api = "https://api.github.com/repos/jdx/hk/releases/assets/594327179"

[tools."aqua:jdx/hk"."platforms.linux-x64"]
checksum = "sha256:6efabe30aeabc4611a42ce6cf0fd46b9a19478e2cfd9acfd1bd93998736f3153"
url = "https://github.com/jdx/hk/releases/download/v2.4.0/hk-x86_64-unknown-linux-gnu.tar.gz"
url_api = "https://api.github.com/repos/jdx/hk/releases/assets/594327200"

[tools."aqua:jdx/hk"."platforms.macos-arm64"]
checksum = "sha256:6e1c970b9de7ab4ee52c85869b2ea9cfe8769d25a0fe9536062e0ba62366ec59"
url = "https://github.com/jdx/hk/releases/download/v2.4.0/hk-aarch64-apple-darwin.tar.gz"
url_api = "https://api.github.com/repos/jdx/hk/releases/assets/594327181"

[[tools."aqua:jdx/pitchfork"]]
version = "2.29.0"
backend = "aqua:jdx/pitchfork"
specifiers = ["2.29.0"]

[tools."aqua:jdx/pitchfork"."platforms.linux-arm64"]
checksum = "sha256:dfea08ac9b4a8b2a3f4c9ce94c5faba9a1996634a22bdc6fd17510affe9dca71"
url = "https://github.com/jdx/pitchfork/releases/download/v2.29.0/pitchfork-aarch64-unknown-linux-gnu.tar.gz"
url_api = "https://api.github.com/repos/jdx/pitchfork/releases/assets/599253285"

[tools."aqua:jdx/pitchfork"."platforms.linux-x64"]
checksum = "sha256:80d48f7077f8612c7684777aef346b93d3ecca296d4d9b392b2fb5e50a4f891d"
url = "https://github.com/jdx/pitchfork/releases/download/v2.29.0/pitchfork-x86_64-unknown-linux-gnu.tar.gz"
url_api = "https://api.github.com/repos/jdx/pitchfork/releases/assets/599252450"

[tools."aqua:jdx/pitchfork"."platforms.macos-arm64"]
checksum = "sha256:06adf144e4a48dad55806706a7b0fe1a8dfc901726c5c8939e54fbc2bcabb04e"
url = "https://github.com/jdx/pitchfork/releases/download/v2.29.0/pitchfork-aarch64-apple-darwin.tar.gz"
url_api = "https://api.github.com/repos/jdx/pitchfork/releases/assets/599256238"

[[tools."aqua:koalaman/shellcheck"]]
version = "0.11.0"
backend = "aqua:koalaman/shellcheck"
specifiers = ["0.11.0"]

[tools."aqua:koalaman/shellcheck"."platforms.linux-arm64"]
checksum = "sha256:12b331c1d2db6b9eb13cfca64306b1b157a86eb69db83023e261eaa7e7c14588"
url = "https://github.com/koalaman/shellcheck/releases/download/v0.11.0/shellcheck-v0.11.0.linux.aarch64.tar.xz"
url_api = "https://api.github.com/repos/koalaman/shellcheck/releases/assets/279056934"

[tools."aqua:koalaman/shellcheck"."platforms.linux-x64"]
checksum = "sha256:8c3be12b05d5c177a04c29e3c78ce89ac86f1595681cab149b65b97c4e227198"
url = "https://github.com/koalaman/shellcheck/releases/download/v0.11.0/shellcheck-v0.11.0.linux.x86_64.tar.xz"
url_api = "https://api.github.com/repos/koalaman/shellcheck/releases/assets/279056942"

[tools."aqua:koalaman/shellcheck"."platforms.macos-arm64"]
checksum = "sha256:56affdd8de5527894dca6dc3d7e0a99a873b0f004d7aabc30ae407d3f48b0a79"
url = "https://github.com/koalaman/shellcheck/releases/download/v0.11.0/shellcheck-v0.11.0.darwin.aarch64.tar.xz"
url_api = "https://api.github.com/repos/koalaman/shellcheck/releases/assets/279056932"

[[tools."aqua:loeffel-io/ls-lint"]]
version = "2.3.1"
backend = "aqua:loeffel-io/ls-lint"
specifiers = ["2.3.1"]

[tools."aqua:loeffel-io/ls-lint"."platforms.linux-arm64"]
checksum = "sha256:2abdb71243c619f0bb29587be5c228bec84c107985f2c066139ef0ec35fd3a99"
url = "https://github.com/loeffel-io/ls-lint/releases/download/v2.3.1/ls-lint-linux-arm64"
url_api = "https://api.github.com/repos/loeffel-io/ls-lint/releases/assets/260857550"

[tools."aqua:loeffel-io/ls-lint"."platforms.linux-x64"]
checksum = "sha256:b5a0d2e4427ad039fbc574551f17679f38f142b25d15e0e538769f8cf15af397"
url = "https://github.com/loeffel-io/ls-lint/releases/download/v2.3.1/ls-lint-linux-amd64"
url_api = "https://api.github.com/repos/loeffel-io/ls-lint/releases/assets/260857547"

[tools."aqua:loeffel-io/ls-lint"."platforms.macos-arm64"]
checksum = "sha256:e4ed2ce2b7b61d6685769e34c6375ccecb14a3f00ee59438cf82d01d6236a3c4"
url = "https://github.com/loeffel-io/ls-lint/releases/download/v2.3.1/ls-lint-darwin-arm64"
url_api = "https://api.github.com/repos/loeffel-io/ls-lint/releases/assets/260857541"

[[tools."aqua:lycheeverse/lychee"]]
version = "0.24.2"
backend = "aqua:lycheeverse/lychee"
specifiers = ["0.24.2"]

[tools."aqua:lycheeverse/lychee"."platforms.linux-arm64"]
checksum = "sha256:91a7bd65685da41b90ccb9bc867a3d649a7818042dae04ff405e55a25bddee4c"
url = "https://github.com/lycheeverse/lychee/releases/download/lychee-v0.24.2/lychee-aarch64-unknown-linux-gnu.tar.gz"
url_api = "https://api.github.com/repos/lycheeverse/lychee/releases/assets/409959442"

[tools."aqua:lycheeverse/lychee"."platforms.linux-x64"]
checksum = "sha256:1f4e0ef7f6554a6ed33dd7ac144fb2e1bbed98598e7af973042fc5cd43951c9a"
url = "https://github.com/lycheeverse/lychee/releases/download/lychee-v0.24.2/lychee-x86_64-unknown-linux-gnu.tar.gz"
url_api = "https://api.github.com/repos/lycheeverse/lychee/releases/assets/409959156"

[tools."aqua:lycheeverse/lychee"."platforms.macos-arm64"]
checksum = "sha256:c9d3740ea2d891854d37116c9fba840f37b6e7c89d330e7db84ac333631c4977"
url = "https://github.com/lycheeverse/lychee/releases/download/lychee-v0.24.2/lychee-aarch64-apple-darwin.tar.gz"
url_api = "https://api.github.com/repos/lycheeverse/lychee/releases/assets/409957951"

[[tools."aqua:mikefarah/yq"]]
version = "4.54.1"
backend = "aqua:mikefarah/yq"
specifiers = ["4.54.1"]

[tools."aqua:mikefarah/yq"."platforms.linux-arm64"]
checksum = "sha256:189088da0c6429ec5178dfaab1a114805f6cab0b61b165ab236efedf1d57a71b"
url = "https://github.com/mikefarah/yq/releases/download/v4.54.1/yq_linux_arm64"
url_api = "https://api.github.com/repos/mikefarah/yq/releases/assets/597222603"
provenance = "cosign"

[tools."aqua:mikefarah/yq"."platforms.linux-x64"]
checksum = "sha256:8e34fc298390875de416e6a4afcb8cabeceb25d9aa8506c1a2f9353cf702ea5f"
url = "https://github.com/mikefarah/yq/releases/download/v4.54.1/yq_linux_amd64"
url_api = "https://api.github.com/repos/mikefarah/yq/releases/assets/597222595"
provenance = "cosign"

[tools."aqua:mikefarah/yq"."platforms.macos-arm64"]
checksum = "sha256:fee511a181bd8b3e6b7da98842b41973bfac8cd3bcd341ed29a584620b5b2844"
url = "https://github.com/mikefarah/yq/releases/download/v4.54.1/yq_darwin_arm64"
url_api = "https://api.github.com/repos/mikefarah/yq/releases/assets/597222609"
provenance = "cosign"

[[tools."aqua:mvdan/sh"]]
version = "3.14.1"
backend = "aqua:mvdan/sh"
specifiers = ["3.14.1"]

[tools."aqua:mvdan/sh"."platforms.linux-arm64"]
checksum = "sha256:5f2db09dae91fca848f7adbdd014632e921a383863a2ad7e0450ad3aba0c6489"
url = "https://github.com/mvdan/sh/releases/download/v3.14.1/shfmt_v3.14.1_linux_arm64"
url_api = "https://api.github.com/repos/mvdan/sh/releases/assets/547320869"

[tools."aqua:mvdan/sh"."platforms.linux-x64"]
checksum = "sha256:76e77641faa025814b77f153b29796b8e6fa2fca03e0c76a691608b86c7ea7bf"
url = "https://github.com/mvdan/sh/releases/download/v3.14.1/shfmt_v3.14.1_linux_amd64"
url_api = "https://api.github.com/repos/mvdan/sh/releases/assets/547320883"

[tools."aqua:mvdan/sh"."platforms.macos-arm64"]
checksum = "sha256:b7c872db63553ccffc7253aba3ed7d4885a27d83f1ba567b1138c6315a5847e5"
url = "https://github.com/mvdan/sh/releases/download/v3.14.1/shfmt_v3.14.1_darwin_arm64"
url_api = "https://api.github.com/repos/mvdan/sh/releases/assets/547320930"

[[tools."aqua:rvben/rumdl"]]
version = "0.2.78"
backend = "aqua:rvben/rumdl"
specifiers = ["0.2.78"]

[tools."aqua:rvben/rumdl"."platforms.linux-arm64"]
checksum = "sha256:16e518695868a650ad0f584f60f225e65e63ffb71b46aba2428c365c7225d262"
url = "https://github.com/rvben/rumdl/releases/download/v0.2.78/rumdl-v0.2.78-aarch64-unknown-linux-gnu.tar.gz"
url_api = "https://api.github.com/repos/rvben/rumdl/releases/assets/598548742"
provenance = "github-attestations"

[tools."aqua:rvben/rumdl"."platforms.linux-x64"]
checksum = "sha256:5597ecab62c6cd50e63f85451fe4e763abc58195a3e7eff9186b6dfae890ca24"
url = "https://github.com/rvben/rumdl/releases/download/v0.2.78/rumdl-v0.2.78-x86_64-unknown-linux-gnu.tar.gz"
url_api = "https://api.github.com/repos/rvben/rumdl/releases/assets/598548740"
provenance = "github-attestations"

[tools."aqua:rvben/rumdl"."platforms.macos-arm64"]
checksum = "sha256:450f00cdbf1da3bc3fbdf56c52dc9e6b2ab08bfd1ee6a26b44848e52a180dba5"
url = "https://github.com/rvben/rumdl/releases/download/v0.2.78/rumdl-v0.2.78-aarch64-apple-darwin.tar.gz"
url_api = "https://api.github.com/repos/rvben/rumdl/releases/assets/598548745"
provenance = "github-attestations"

[[tools."aqua:tombi-toml/tombi"]]
version = "1.7.3"
backend = "aqua:tombi-toml/tombi"
specifiers = ["1.7.3"]

[tools."aqua:tombi-toml/tombi"."platforms.linux-arm64"]
checksum = "sha256:20bd2470c3de95eff95445466bd2e982c6e0920c5dbd0a618ac06c9a64b4dda9"
url = "https://github.com/tombi-toml/tombi/releases/download/v1.7.3/tombi-cli-1.7.3-aarch64-unknown-linux-musl.tar.gz"
url_api = "https://api.github.com/repos/tombi-toml/tombi/releases/assets/615901879"
provenance = "github-attestations"

[tools."aqua:tombi-toml/tombi"."platforms.linux-x64"]
checksum = "sha256:90aa18e34c5133879942272fda31677d78dd4221ce8eb06e991c487893aaaba4"
url = "https://github.com/tombi-toml/tombi/releases/download/v1.7.3/tombi-cli-1.7.3-x86_64-unknown-linux-musl.tar.gz"
url_api = "https://api.github.com/repos/tombi-toml/tombi/releases/assets/615901928"
provenance = "github-attestations"

[tools."aqua:tombi-toml/tombi"."platforms.macos-arm64"]
checksum = "sha256:ff9b64bf45e9cd0881119567f604163212788d6f1a9aba9178f656b49295e97a"
url = "https://github.com/tombi-toml/tombi/releases/download/v1.7.3/tombi-cli-1.7.3-aarch64-apple-darwin.tar.gz"
url_api = "https://api.github.com/repos/tombi-toml/tombi/releases/assets/615901880"
provenance = "github-attestations"

[[tools."cargo:templatry"]]
version = "0.2.1"
backend = "cargo:templatry"
specifiers = ["0.2.1"]

[[tools."github:CircleCI-Public/circleci-cli"]]
version = "1.2.0"
backend = "github:CircleCI-Public/circleci-cli"
specifiers = ["v1.2.0"]

[tools."github:CircleCI-Public/circleci-cli"."platforms.linux-arm64"]
checksum = "sha256:f28b8db21c95a749f946dce3346fbdd4391d7b048b5afe21a75d06b0a958f044"
url = "https://github.com/CircleCI-Public/circleci-cli/releases/download/v1.2.0/circleci-cli_1.2.0_linux_arm64.tar.gz"
url_api = "https://api.github.com/repos/CircleCI-Public/circleci-cli/releases/assets/615892813"
provenance = "github-attestations"

[tools."github:CircleCI-Public/circleci-cli"."platforms.linux-x64"]
checksum = "sha256:9d8dcf9dc5c681127e053f26e32cc751822b786a77cbafa46145e6945919ecd0"
url = "https://github.com/CircleCI-Public/circleci-cli/releases/download/v1.2.0/circleci-cli_1.2.0_linux_amd64.tar.gz"
url_api = "https://api.github.com/repos/CircleCI-Public/circleci-cli/releases/assets/615892811"
provenance = "github-attestations"

[tools."github:CircleCI-Public/circleci-cli"."platforms.macos-arm64"]
checksum = "sha256:76b9b01b582be4f14b8ce5fe6228c9adbc0c8b9f66e7d606fa89ce14073fbf14"
url = "https://github.com/CircleCI-Public/circleci-cli/releases/download/v1.2.0/circleci-cli_1.2.0_darwin_arm64.tar.gz"
url_api = "https://api.github.com/repos/CircleCI-Public/circleci-cli/releases/assets/615892901"
provenance = "github-attestations"

[[tools."github:asciinema/asciinema"]]
version = "3.2.1"
backend = "github:asciinema/asciinema"
specifiers = ["3.2.1"]

[tools."github:asciinema/asciinema"."platforms.linux-arm64"]
checksum = "sha256:b516a6d896844c0ffbc96e0a55afe4cbcc79216abde0fc64fdda4e39bee421ea"
url = "https://github.com/asciinema/asciinema/releases/download/v3.2.1/asciinema-aarch64-unknown-linux-gnu"
url_api = "https://api.github.com/repos/asciinema/asciinema/releases/assets/449290064"

[tools."github:asciinema/asciinema"."platforms.linux-x64"]
checksum = "sha256:1b405bbda565b33c3c4718de67fedc3535580603c0694b1ff3fb04f363430a20"
url = "https://github.com/asciinema/asciinema/releases/download/v3.2.1/asciinema-x86_64-unknown-linux-gnu"
url_api = "https://api.github.com/repos/asciinema/asciinema/releases/assets/449289226"

[tools."github:asciinema/asciinema"."platforms.macos-arm64"]
checksum = "sha256:1f0c76da7855601df93e5dccdf69b7c683b81beff1411e38b3802de1f5fc7a1c"
url = "https://github.com/asciinema/asciinema/releases/download/v3.2.1/asciinema-aarch64-apple-darwin"
url_api = "https://api.github.com/repos/asciinema/asciinema/releases/assets/449290357"

[[tools."github:kucherenko/jscpd"]]
version = "5.4.0"
backend = "github:kucherenko/jscpd"
specifiers = ["v5.4.0"]

[tools."github:kucherenko/jscpd"."platforms.linux-arm64"]
checksum = "sha256:e31c723f89228fbd2f4231c2fbaf885074d15d33c4dc6b93ba551a966efe3517"
url = "https://github.com/kucherenko/jscpd/releases/download/v5.4.0/jscpd-linux-arm64-gnu.tar.gz"
url_api = "https://api.github.com/repos/kucherenko/jscpd/releases/assets/601533636"
provenance = "github-attestations"

[tools."github:kucherenko/jscpd"."platforms.linux-x64"]
checksum = "sha256:4c2819a5663e5418fe5dcf0faceca7f05c1f080d3c87fd57cc4ccf99ce857194"
url = "https://github.com/kucherenko/jscpd/releases/download/v5.4.0/jscpd-linux-x64-gnu.tar.gz"
url_api = "https://api.github.com/repos/kucherenko/jscpd/releases/assets/601533640"
provenance = "github-attestations"

[tools."github:kucherenko/jscpd"."platforms.macos-arm64"]
checksum = "sha256:75022b94cd6c05523a7a1639c3fff769d9a97f8c7ef3f6a614c6bee53b7e3bdd"
url = "https://github.com/kucherenko/jscpd/releases/download/v5.4.0/jscpd-darwin-arm64.tar.gz"
url_api = "https://api.github.com/repos/kucherenko/jscpd/releases/assets/601533635"
provenance = "github-attestations"

[[tools."github:mongodb/kingfisher"]]
version = "2.11.0"
backend = "github:mongodb/kingfisher"
specifiers = ["v2.11.0"]

[tools."github:mongodb/kingfisher"."platforms.linux-arm64"]
checksum = "sha256:4fef19da45e05480fe8e89ff990d280b7f75296d2f2ca32acafdeb18839fe56c"
url = "https://github.com/mongodb/kingfisher/releases/download/v2.11.0/kingfisher-linux-arm64.tgz"
url_api = "https://api.github.com/repos/mongodb/kingfisher/releases/assets/616898287"
provenance = "github-attestations"

[tools."github:mongodb/kingfisher"."platforms.linux-x64"]
checksum = "sha256:2d880b1d1c3410073cf7b305ea22350e78cf3c8644e6048f53f5271a56444ce7"
url = "https://github.com/mongodb/kingfisher/releases/download/v2.11.0/kingfisher-linux-x64.tgz"
url_api = "https://api.github.com/repos/mongodb/kingfisher/releases/assets/616898117"
provenance = "github-attestations"

[tools."github:mongodb/kingfisher"."platforms.macos-arm64"]
checksum = "sha256:4daf65c8cae6c4b14e31a3fd94a9469a6fc77f7bcf2c201ad83e3d8f3e869aaf"
url = "https://github.com/mongodb/kingfisher/releases/download/v2.11.0/kingfisher-darwin-arm64.tgz"
url_api = "https://api.github.com/repos/mongodb/kingfisher/releases/assets/616898502"
provenance = "github-attestations"

[[tools."github:zizmorcore/zizmor"]]
version = "1.30.1"
backend = "github:zizmorcore/zizmor"
specifiers = ["v1.30.1"]

[tools."github:zizmorcore/zizmor"."platforms.linux-arm64"]
checksum = "sha256:7ff1dce33bdd18fd2a4affe63bdd47efcccca97b2cec1c1863ec26e9e2647540"
url = "https://github.com/zizmorcore/zizmor/releases/download/v1.30.1/zizmor-aarch64-unknown-linux-gnu.tar.gz"
url_api = "https://api.github.com/repos/zizmorcore/zizmor/releases/assets/552067643"
provenance = "github-attestations"

[tools."github:zizmorcore/zizmor"."platforms.linux-x64"]
checksum = "sha256:e65324f4430c2717591937edcec90ccbefaf14c174f8ec9415e03ca875b46e1a"
url = "https://github.com/zizmorcore/zizmor/releases/download/v1.30.1/zizmor-x86_64-unknown-linux-gnu.tar.gz"
url_api = "https://api.github.com/repos/zizmorcore/zizmor/releases/assets/552067642"
provenance = "github-attestations"

[tools."github:zizmorcore/zizmor"."platforms.macos-arm64"]
checksum = "sha256:e28d22b087f9ebb8d99da6e740d348c930f559961c7c3f12badda54f882195a2"
url = "https://github.com/zizmorcore/zizmor/releases/download/v1.30.1/zizmor-aarch64-apple-darwin.tar.gz"
url_api = "https://api.github.com/repos/zizmorcore/zizmor/releases/assets/552067640"
provenance = "github-attestations"

[[tools."pipx:yamllint"]]
version = "1.38.0"
backend = "pipx:yamllint"
specifiers = ["1.38.0"]
uv = { path = "mise/locks/pipx-yamllint/1.38.0", digest = "sha256:a0cfcc4a3031bf461d0110b37cf8d1eeef2b937a1ec7bc5f0e1fb08857f243b1" }

[[tools.python]]
version = "3.14.8"
backend = "core:python"
specifiers = ["3.14.8"]

[tools.python."platforms.linux-arm64"]
checksum = "sha256:ece2bf3d4b47c80c2403c5f32fa51a9458abaee93c10def8acafb5f45163e77d"
url = "https://github.com/astral-sh/python-build-standalone/releases/download/20261003/cpython-3.14.8+20261003-aarch64-unknown-linux-gnu-install_only_stripped.tar.gz"
provenance = "github-attestations"

[tools.python."platforms.linux-x64"]
checksum = "sha256:d9ec7a6935ade8b671a57ebaf111083d7314eab8dae5071d167054dadd2b97d6"
url = "https://github.com/astral-sh/python-build-standalone/releases/download/20261003/cpython-3.14.8+20261003-x86_64-unknown-linux-gnu-install_only_stripped.tar.gz"
provenance = "github-attestations"

[tools.python."platforms.macos-arm64"]
checksum = "sha256:ed14e9042f36c0aa18383f5d9729bcbf17847e842666a793b5a5a5d8505c0ca1"
url = "https://github.com/astral-sh/python-build-standalone/releases/download/20261003/cpython-3.14.8+20261003-aarch64-apple-darwin-install_only_stripped.tar.gz"
provenance = "github-attestations"

[[tools.rust]]
version = "1.99.0"
backend = "core:rust"
specifiers = ["1.99.0"]
