# @generated - this file is auto-generated by `mise lock` https://mise.jdx.dev/dev-tools/mise-lock.html

lockfile_version = 2

[[tools."aqua:EmbarkStudios/cargo-deny"]]
version = "0.20.2"
backend = "aqua:EmbarkStudios/cargo-deny"
specifiers = ["0.20.2"]

[tools."aqua:EmbarkStudios/cargo-deny"."platforms.linux-arm64"]
checksum = "sha256:995c82be0defc7a025cae49a2aa2644ce8245c9a3318fc4103907c6a285e8c7d"
url = "https://github.com/EmbarkStudios/cargo-deny/releases/download/0.20.2/cargo-deny-0.20.2-aarch64-unknown-linux-musl.tar.gz"
url_api = "https://api.github.com/repos/EmbarkStudios/cargo-deny/releases/assets/471598345"

[tools."aqua:EmbarkStudios/cargo-deny"."platforms.linux-x64"]
checksum = "sha256:9f12ed4c49936e09b48bf862b595cde2fe64fcbd9d74dfacac6131ca824c8d5f"
url = "https://github.com/EmbarkStudios/cargo-deny/releases/download/0.20.2/cargo-deny-0.20.2-x86_64-unknown-linux-musl.tar.gz"
url_api = "https://api.github.com/repos/EmbarkStudios/cargo-deny/releases/assets/471598214"

[tools."aqua:EmbarkStudios/cargo-deny"."platforms.macos-arm64"]
checksum = "sha256:fe67d82a10d8597a3549364cb733a3f9cc1bfff9031b7ae46384a9f2a72090c3"
url = "https://github.com/EmbarkStudios/cargo-deny/releases/download/0.20.2/cargo-deny-0.20.2-aarch64-apple-darwin.tar.gz"
url_api = "https://api.github.com/repos/EmbarkStudios/cargo-deny/releases/assets/471597689"

[[tools."aqua:astral-sh/uv"]]
version = "0.12.17"
backend = "aqua:astral-sh/uv"
specifiers = ["0.12.17"]

[tools."aqua:astral-sh/uv"."platforms.linux-arm64"]
checksum = "sha256:d636d1b678e9e7f367ecb22b46bd1cabbed234d6bc3b4d96365d2b507f72f86c"
url = "https://github.com/astral-sh/uv/releases/download/0.12.17/uv-aarch64-unknown-linux-gnu.tar.gz"
url_api = "https://api.github.com/repos/astral-sh/uv/releases/assets/573252936"
provenance = "github-attestations"

[tools."aqua:astral-sh/uv"."platforms.linux-x64"]
checksum = "sha256:fa82fd8dde8e8eefdecada6aa0889666556cfceb690d06e0c3bca49eb3070a63"
url = "https://github.com/astral-sh/uv/releases/download/0.12.17/uv-x86_64-unknown-linux-gnu.tar.gz"
url_api = "https://api.github.com/repos/astral-sh/uv/releases/assets/573253080"
provenance = "github-attestations"

[tools."aqua:astral-sh/uv"."platforms.macos-arm64"]
checksum = "sha256:85f00cbdc6dd3e97eba4c31b4d014375a9fdfe8f570023b84e5102fc3456896b"
url = "https://github.com/astral-sh/uv/releases/download/0.12.17/uv-aarch64-apple-darwin.tar.gz"
url_api = "https://api.github.com/repos/astral-sh/uv/releases/assets/573252913"
provenance = "github-attestations"

[[tools."aqua:google/yamlfmt"]]
version = "0.21.0"
backend = "aqua:google/yamlfmt"
specifiers = ["0.21.0"]

[tools."aqua:google/yamlfmt"."platforms.linux-arm64"]
checksum = "sha256:5b2689c963b177271330c5ce8ca7396751107e5a826be46f03d2cb9b6f0c7784"
url = "https://github.com/google/yamlfmt/releases/download/v0.21.0/yamlfmt_0.21.0_Linux_arm64.tar.gz"
url_api = "https://api.github.com/repos/google/yamlfmt/releases/assets/336650208"

[tools."aqua:google/yamlfmt"."platforms.linux-x64"]
checksum = "sha256:1f300d9257b232bb3b541d7fb1b0e6b3c121bcbab381c86cd38cb8722be8a566"
url = "https://github.com/google/yamlfmt/releases/download/v0.21.0/yamlfmt_0.21.0_Linux_x86_64.tar.gz"
url_api = "https://api.github.com/repos/google/yamlfmt/releases/assets/336650203"

[tools."aqua:google/yamlfmt"."platforms.macos-arm64"]
checksum = "sha256:4b417ecb94339d57e4c122ecc948c1a00fe328b5853266de9806e652a92858fa"
url = "https://github.com/google/yamlfmt/releases/download/v0.21.0/yamlfmt_0.21.0_Darwin_arm64.tar.gz"
url_api = "https://api.github.com/repos/google/yamlfmt/releases/assets/336650209"

[[tools."aqua:jdx/hk"]]
version = "2.1.0"
backend = "aqua:jdx/hk"
specifiers = ["2.1.0"]

[tools."aqua:jdx/hk"."platforms.linux-arm64"]
checksum = "sha256:7ffb155147a8a9dae1b571fb31a5d19a35d0175afb5fe3e5b2c652ebf67feb9f"
url = "https://github.com/jdx/hk/releases/download/v2.1.0/hk-aarch64-unknown-linux-gnu.tar.gz"
url_api = "https://api.github.com/repos/jdx/hk/releases/assets/583539437"

[tools."aqua:jdx/hk"."platforms.linux-x64"]
checksum = "sha256:7a7b28741d16f777d8be90fbcd8523996ee95c2d5222d5b173652d9b37e31969"
url = "https://github.com/jdx/hk/releases/download/v2.1.0/hk-x86_64-unknown-linux-gnu.tar.gz"
url_api = "https://api.github.com/repos/jdx/hk/releases/assets/583539481"

[tools."aqua:jdx/hk"."platforms.macos-arm64"]
checksum = "sha256:b30c6fb4447b5a9c24f9f80d165dca2d2e682907b8acb8222391e0527fea1ebe"
url = "https://github.com/jdx/hk/releases/download/v2.1.0/hk-aarch64-apple-darwin.tar.gz"
url_api = "https://api.github.com/repos/jdx/hk/releases/assets/583539442"

[[tools."aqua:jdx/pitchfork"]]
version = "2.27.0"
backend = "aqua:jdx/pitchfork"
specifiers = ["2.27.0"]

[tools."aqua:jdx/pitchfork"."platforms.linux-arm64"]
checksum = "sha256:14f7a5e758407e8306234cabb2dd3768670453d9078bcdec6cc4089dfd72d8ed"
url = "https://github.com/jdx/pitchfork/releases/download/v2.27.0/pitchfork-aarch64-unknown-linux-gnu.tar.gz"
url_api = "https://api.github.com/repos/jdx/pitchfork/releases/assets/575680441"

[tools."aqua:jdx/pitchfork"."platforms.linux-x64"]
checksum = "sha256:20d7f851e3baec00fd97d53b2f95a986287b959957f56195c6f7f8d504bbea6e"
url = "https://github.com/jdx/pitchfork/releases/download/v2.27.0/pitchfork-x86_64-unknown-linux-gnu.tar.gz"
url_api = "https://api.github.com/repos/jdx/pitchfork/releases/assets/575680105"

[tools."aqua:jdx/pitchfork"."platforms.macos-arm64"]
checksum = "sha256:77491f4d803039ae4cf346c292db62b9b5aad971cc0850413917ef92cf335901"
url = "https://github.com/jdx/pitchfork/releases/download/v2.27.0/pitchfork-aarch64-apple-darwin.tar.gz"
url_api = "https://api.github.com/repos/jdx/pitchfork/releases/assets/575687571"

[[tools."aqua:koalaman/shellcheck"]]
version = "0.11.0"
backend = "aqua:koalaman/shellcheck"
specifiers = ["0.11.0"]

[tools."aqua:koalaman/shellcheck"."platforms.linux-arm64"]
checksum = "sha256:12b331c1d2db6b9eb13cfca64306b1b157a86eb69db83023e261eaa7e7c14588"
url = "https://github.com/koalaman/shellcheck/releases/download/v0.11.0/shellcheck-v0.11.0.linux.aarch64.tar.xz"
url_api = "https://api.github.com/repos/koalaman/shellcheck/releases/assets/279056934"

[tools."aqua:koalaman/shellcheck"."platforms.linux-x64"]
checksum = "sha256:8c3be12b05d5c177a04c29e3c78ce89ac86f1595681cab149b65b97c4e227198"
url = "https://github.com/koalaman/shellcheck/releases/download/v0.11.0/shellcheck-v0.11.0.linux.x86_64.tar.xz"
url_api = "https://api.github.com/repos/koalaman/shellcheck/releases/assets/279056942"

[tools."aqua:koalaman/shellcheck"."platforms.macos-arm64"]
checksum = "sha256:56affdd8de5527894dca6dc3d7e0a99a873b0f004d7aabc30ae407d3f48b0a79"
url = "https://github.com/koalaman/shellcheck/releases/download/v0.11.0/shellcheck-v0.11.0.darwin.aarch64.tar.xz"
url_api = "https://api.github.com/repos/koalaman/shellcheck/releases/assets/279056932"

[[tools."aqua:loeffel-io/ls-lint"]]
version = "2.3.1"
backend = "aqua:loeffel-io/ls-lint"
specifiers = ["2.3.1"]

[tools."aqua:loeffel-io/ls-lint"."platforms.linux-arm64"]
checksum = "sha256:2abdb71243c619f0bb29587be5c228bec84c107985f2c066139ef0ec35fd3a99"
url = "https://github.com/loeffel-io/ls-lint/releases/download/v2.3.1/ls-lint-linux-arm64"
url_api = "https://api.github.com/repos/loeffel-io/ls-lint/releases/assets/260857550"

[tools."aqua:loeffel-io/ls-lint"."platforms.linux-x64"]
checksum = "sha256:b5a0d2e4427ad039fbc574551f17679f38f142b25d15e0e538769f8cf15af397"
url = "https://github.com/loeffel-io/ls-lint/releases/download/v2.3.1/ls-lint-linux-amd64"
url_api = "https://api.github.com/repos/loeffel-io/ls-lint/releases/assets/260857547"

[tools."aqua:loeffel-io/ls-lint"."platforms.macos-arm64"]
checksum = "sha256:e4ed2ce2b7b61d6685769e34c6375ccecb14a3f00ee59438cf82d01d6236a3c4"
url = "https://github.com/loeffel-io/ls-lint/releases/download/v2.3.1/ls-lint-darwin-arm64"
url_api = "https://api.github.com/repos/loeffel-io/ls-lint/releases/assets/260857541"

[[tools."aqua:lycheeverse/lychee"]]
version = "0.24.2"
backend = "aqua:lycheeverse/lychee"
specifiers = ["0.24.2"]

[tools."aqua:lycheeverse/lychee"."platforms.linux-arm64"]
checksum = "sha256:91a7bd65685da41b90ccb9bc867a3d649a7818042dae04ff405e55a25bddee4c"
url = "https://github.com/lycheeverse/lychee/releases/download/lychee-v0.24.2/lychee-aarch64-unknown-linux-gnu.tar.gz"
url_api = "https://api.github.com/repos/lycheeverse/lychee/releases/assets/409959442"

[tools."aqua:lycheeverse/lychee"."platforms.linux-x64"]
checksum = "sha256:1f4e0ef7f6554a6ed33dd7ac144fb2e1bbed98598e7af973042fc5cd43951c9a"
url = "https://github.com/lycheeverse/lychee/releases/download/lychee-v0.24.2/lychee-x86_64-unknown-linux-gnu.tar.gz"
url_api = "https://api.github.com/repos/lycheeverse/lychee/releases/assets/409959156"

[tools."aqua:lycheeverse/lychee"."platforms.macos-arm64"]
checksum = "sha256:c9d3740ea2d891854d37116c9fba840f37b6e7c89d330e7db84ac333631c4977"
url = "https://github.com/lycheeverse/lychee/releases/download/lychee-v0.24.2/lychee-aarch64-apple-darwin.tar.gz"
url_api = "https://api.github.com/repos/lycheeverse/lychee/releases/assets/409957951"

[[tools."aqua:mikefarah/yq"]]
version = "4.53.6"
backend = "aqua:mikefarah/yq"
specifiers = ["4.53.6"]

[tools."aqua:mikefarah/yq"."platforms.linux-arm64"]
checksum = "sha256:88a1016bc1d657375a35864e4f44b6f333df8ff97b559f51bba0adcb2169df09"
url = "https://github.com/mikefarah/yq/releases/download/v4.53.6/yq_linux_arm64"
url_api = "https://api.github.com/repos/mikefarah/yq/releases/assets/522028007"
provenance = "cosign"

[tools."aqua:mikefarah/yq"."platforms.linux-x64"]
checksum = "sha256:c5f056448f973ae7d39b5401949648a78f2dc1947d6a8eb65be60d5c504b9385"
url = "https://github.com/mikefarah/yq/releases/download/v4.53.6/yq_linux_amd64"
url_api = "https://api.github.com/repos/mikefarah/yq/releases/assets/522028022"
provenance = "cosign"

[tools."aqua:mikefarah/yq"."platforms.macos-arm64"]
checksum = "sha256:cceb0b8d71ea5294334121f8429f33f92b920e7217d904a2f9f35443968ac424"
url = "https://github.com/mikefarah/yq/releases/download/v4.53.6/yq_darwin_arm64"
url_api = "https://api.github.com/repos/mikefarah/yq/releases/assets/522028033"
provenance = "cosign"

[[tools."aqua:mvdan/sh"]]
version = "3.14.1"
backend = "aqua:mvdan/sh"
specifiers = ["3.14.1"]

[tools."aqua:mvdan/sh"."platforms.linux-arm64"]
checksum = "sha256:5f2db09dae91fca848f7adbdd014632e921a383863a2ad7e0450ad3aba0c6489"
url = "https://github.com/mvdan/sh/releases/download/v3.14.1/shfmt_v3.14.1_linux_arm64"
url_api = "https://api.github.com/repos/mvdan/sh/releases/assets/547320869"

[tools."aqua:mvdan/sh"."platforms.linux-x64"]
checksum = "sha256:76e77641faa025814b77f153b29796b8e6fa2fca03e0c76a691608b86c7ea7bf"
url = "https://github.com/mvdan/sh/releases/download/v3.14.1/shfmt_v3.14.1_linux_amd64"
url_api = "https://api.github.com/repos/mvdan/sh/releases/assets/547320883"

[tools."aqua:mvdan/sh"."platforms.macos-arm64"]
checksum = "sha256:b7c872db63553ccffc7253aba3ed7d4885a27d83f1ba567b1138c6315a5847e5"
url = "https://github.com/mvdan/sh/releases/download/v3.14.1/shfmt_v3.14.1_darwin_arm64"
url_api = "https://api.github.com/repos/mvdan/sh/releases/assets/547320930"

[[tools."aqua:rvben/rumdl"]]
version = "0.2.75"
backend = "aqua:rvben/rumdl"
specifiers = ["0.2.75"]

[tools."aqua:rvben/rumdl"."platforms.linux-arm64"]
checksum = "sha256:64f6f910d0f1138003098876260989bb704c4e9aeec9991ccdb64fa04d49f713"
url = "https://github.com/rvben/rumdl/releases/download/v0.2.75/rumdl-v0.2.75-aarch64-unknown-linux-gnu.tar.gz"
url_api = "https://api.github.com/repos/rvben/rumdl/releases/assets/577473577"
provenance = "github-attestations"

[tools."aqua:rvben/rumdl"."platforms.linux-x64"]
checksum = "sha256:2831bd2eb58389e805c120463f4f52774fce225fa835111bc412131801d9da90"
url = "https://github.com/rvben/rumdl/releases/download/v0.2.75/rumdl-v0.2.75-x86_64-unknown-linux-gnu.tar.gz"
url_api = "https://api.github.com/repos/rvben/rumdl/releases/assets/577473568"
provenance = "github-attestations"

[tools."aqua:rvben/rumdl"."platforms.macos-arm64"]
checksum = "sha256:22771c73a49ab5fb3f426c287bd2f1cc88b5544edfc013eb66723a2789f96c62"
url = "https://github.com/rvben/rumdl/releases/download/v0.2.75/rumdl-v0.2.75-aarch64-apple-darwin.tar.gz"
url_api = "https://api.github.com/repos/rvben/rumdl/releases/assets/577473581"
provenance = "github-attestations"

[[tools."aqua:tombi-toml/tombi"]]
version = "1.5.5"
backend = "aqua:tombi-toml/tombi"
specifiers = ["1.5.5"]

[tools."aqua:tombi-toml/tombi"."platforms.linux-arm64"]
checksum = "sha256:a545a471cec6baf982bcb8e274d097303cece1a72136ada79d240adb6d1354f6"
url = "https://github.com/tombi-toml/tombi/releases/download/v1.5.5/tombi-cli-1.5.5-aarch64-unknown-linux-musl.tar.gz"
url_api = "https://api.github.com/repos/tombi-toml/tombi/releases/assets/559313379"
provenance = "github-attestations"

[tools."aqua:tombi-toml/tombi"."platforms.linux-x64"]
checksum = "sha256:6c50d2589989e8182e9f6e774b4b25c9f5729b67a2a7e7dcaadddbedbe1da5ec"
url = "https://github.com/tombi-toml/tombi/releases/download/v1.5.5/tombi-cli-1.5.5-x86_64-unknown-linux-musl.tar.gz"
url_api = "https://api.github.com/repos/tombi-toml/tombi/releases/assets/559313407"
provenance = "github-attestations"

[tools."aqua:tombi-toml/tombi"."platforms.macos-arm64"]
checksum = "sha256:460b3269414d2ca26e05863908764f118bea3b4a52068081af6a3dae03c1320e"
url = "https://github.com/tombi-toml/tombi/releases/download/v1.5.5/tombi-cli-1.5.5-aarch64-apple-darwin.tar.gz"
url_api = "https://api.github.com/repos/tombi-toml/tombi/releases/assets/559313381"
provenance = "github-attestations"

[[tools."cargo:templatry"]]
version = "0.2.0"
backend = "cargo:templatry"
specifiers = ["0.2.0"]

[[tools."github:CircleCI-Public/circleci-cli"]]
version = "1.0.50849"
backend = "github:CircleCI-Public/circleci-cli"
specifiers = ["v1.0.50849"]

[tools."github:CircleCI-Public/circleci-cli"."platforms.linux-arm64"]
checksum = "sha256:9b1dbc652793db16ffb444268d4c1a13fc9ef1a9cc3ced1624592bbe1386b289"
url = "https://github.com/CircleCI-Public/circleci-cli/releases/download/v1.0.50849/circleci-cli_1.0.50849_linux_arm64.tar.gz"
url_api = "https://api.github.com/repos/CircleCI-Public/circleci-cli/releases/assets/579333935"

[tools."github:CircleCI-Public/circleci-cli"."platforms.linux-x64"]
checksum = "sha256:1a47f08f1a44fa1492e6c1c8a7166bc7c350e03a341a82de8c5c2bf31b8394d1"
url = "https://github.com/CircleCI-Public/circleci-cli/releases/download/v1.0.50849/circleci-cli_1.0.50849_linux_amd64.tar.gz"
url_api = "https://api.github.com/repos/CircleCI-Public/circleci-cli/releases/assets/579333936"

[tools."github:CircleCI-Public/circleci-cli"."platforms.macos-arm64"]
checksum = "sha256:81a3b255a465fda7d381dc6880dc1c35f9e6ab7de9ed9f206dab3bb02ee69bcc"
url = "https://github.com/CircleCI-Public/circleci-cli/releases/download/v1.0.50849/circleci-cli_1.0.50849_darwin_arm64.tar.gz"
url_api = "https://api.github.com/repos/CircleCI-Public/circleci-cli/releases/assets/579333934"

[[tools."github:asciinema/asciinema"]]
version = "3.2.1"
backend = "github:asciinema/asciinema"
specifiers = ["3.2.1"]

[tools."github:asciinema/asciinema"."platforms.linux-arm64"]
checksum = "sha256:b516a6d896844c0ffbc96e0a55afe4cbcc79216abde0fc64fdda4e39bee421ea"
url = "https://github.com/asciinema/asciinema/releases/download/v3.2.1/asciinema-aarch64-unknown-linux-gnu"
url_api = "https://api.github.com/repos/asciinema/asciinema/releases/assets/449290064"

[tools."github:asciinema/asciinema"."platforms.linux-x64"]
checksum = "sha256:1b405bbda565b33c3c4718de67fedc3535580603c0694b1ff3fb04f363430a20"
url = "https://github.com/asciinema/asciinema/releases/download/v3.2.1/asciinema-x86_64-unknown-linux-gnu"
url_api = "https://api.github.com/repos/asciinema/asciinema/releases/assets/449289226"

[tools."github:asciinema/asciinema"."platforms.macos-arm64"]
checksum = "sha256:1f0c76da7855601df93e5dccdf69b7c683b81beff1411e38b3802de1f5fc7a1c"
url = "https://github.com/asciinema/asciinema/releases/download/v3.2.1/asciinema-aarch64-apple-darwin"
url_api = "https://api.github.com/repos/asciinema/asciinema/releases/assets/449290357"

[[tools."github:kucherenko/jscpd"]]
version = "5.3.1"
backend = "github:kucherenko/jscpd"
specifiers = ["v5.3.1"]

[tools."github:kucherenko/jscpd"."platforms.linux-arm64"]
checksum = "sha256:5ea4ccba7784fb7c836a0be2dd7cdf0fa4750ac866401a4390213c66ac621670"
url = "https://github.com/kucherenko/jscpd/releases/download/v5.3.1/jscpd-linux-arm64-gnu.tar.gz"
url_api = "https://api.github.com/repos/kucherenko/jscpd/releases/assets/579237034"
provenance = "github-attestations"

[tools."github:kucherenko/jscpd"."platforms.linux-x64"]
checksum = "sha256:f3e7e7e3c537a0c8fd6efae781e244633dfa89024f38cd5d09b131eaf0ecfc7d"
url = "https://github.com/kucherenko/jscpd/releases/download/v5.3.1/jscpd-linux-x64-gnu.tar.gz"
url_api = "https://api.github.com/repos/kucherenko/jscpd/releases/assets/579237033"
provenance = "github-attestations"

[tools."github:kucherenko/jscpd"."platforms.macos-arm64"]
checksum = "sha256:c5ff2727090942e4ad31ded7f49ce2529e8be7057e79e3d16383856f68b2b7b3"
url = "https://github.com/kucherenko/jscpd/releases/download/v5.3.1/jscpd-darwin-arm64.tar.gz"
url_api = "https://api.github.com/repos/kucherenko/jscpd/releases/assets/579237035"
provenance = "github-attestations"

[[tools."github:mongodb/kingfisher"]]
version = "2.5.0"
backend = "github:mongodb/kingfisher"
specifiers = ["v2.5.0"]

[tools."github:mongodb/kingfisher"."platforms.linux-arm64"]
checksum = "sha256:06501830ace101da6aa34acdf51e1fbac6f82863a1b7efba0803d463bc47ec3f"
url = "https://github.com/mongodb/kingfisher/releases/download/v2.5.0/kingfisher-linux-arm64.tgz"
url_api = "https://api.github.com/repos/mongodb/kingfisher/releases/assets/573313823"
provenance = "github-attestations"

[tools."github:mongodb/kingfisher"."platforms.linux-x64"]
checksum = "sha256:830d493f97c6b4e38c1a1566acbf7ddab3a9d6b782c0a72f0c08808be2c22529"
url = "https://github.com/mongodb/kingfisher/releases/download/v2.5.0/kingfisher-linux-x64.tgz"
url_api = "https://api.github.com/repos/mongodb/kingfisher/releases/assets/573313749"
provenance = "github-attestations"

[tools."github:mongodb/kingfisher"."platforms.macos-arm64"]
checksum = "sha256:720e920ea8d90de67ad976298340d7e3c788c583dc78d0c87cae3df9281872ba"
url = "https://github.com/mongodb/kingfisher/releases/download/v2.5.0/kingfisher-darwin-arm64.tgz"
url_api = "https://api.github.com/repos/mongodb/kingfisher/releases/assets/573313944"
provenance = "github-attestations"

[[tools."github:zizmorcore/zizmor"]]
version = "1.30.1"
backend = "github:zizmorcore/zizmor"
specifiers = ["v1.30.1"]

[tools."github:zizmorcore/zizmor"."platforms.linux-arm64"]
checksum = "sha256:7ff1dce33bdd18fd2a4affe63bdd47efcccca97b2cec1c1863ec26e9e2647540"
url = "https://github.com/zizmorcore/zizmor/releases/download/v1.30.1/zizmor-aarch64-unknown-linux-gnu.tar.gz"
url_api = "https://api.github.com/repos/zizmorcore/zizmor/releases/assets/552067643"
provenance = "github-attestations"

[tools."github:zizmorcore/zizmor"."platforms.linux-x64"]
checksum = "sha256:e65324f4430c2717591937edcec90ccbefaf14c174f8ec9415e03ca875b46e1a"
url = "https://github.com/zizmorcore/zizmor/releases/download/v1.30.1/zizmor-x86_64-unknown-linux-gnu.tar.gz"
url_api = "https://api.github.com/repos/zizmorcore/zizmor/releases/assets/552067642"
provenance = "github-attestations"

[tools."github:zizmorcore/zizmor"."platforms.macos-arm64"]
checksum = "sha256:e28d22b087f9ebb8d99da6e740d348c930f559961c7c3f12badda54f882195a2"
url = "https://github.com/zizmorcore/zizmor/releases/download/v1.30.1/zizmor-aarch64-apple-darwin.tar.gz"
url_api = "https://api.github.com/repos/zizmorcore/zizmor/releases/assets/552067640"
provenance = "github-attestations"

[[tools."pipx:yamllint"]]
version = "1.38.0"
backend = "pipx:yamllint"
specifiers = ["1.38.0"]
uv = { path = "mise/locks/pipx-yamllint/1.38.0", digest = "sha256:da95d95c985f02dda36eaac428e92d3e92734d68431222430ad5be8d718034a0" }

[[tools.python]]
version = "3.14.7"
backend = "core:python"
specifiers = ["3.14.7"]

[tools.python."platforms.linux-arm64"]
checksum = "sha256:d922413468a276e69a132b79fb7493faa46ef2e85b1a29844d3af1f7710ab5bd"
url = "https://github.com/astral-sh/python-build-standalone/releases/download/20260924/cpython-3.14.7+20260924-aarch64-unknown-linux-gnu-install_only_stripped.tar.gz"
provenance = "github-attestations"

[tools.python."platforms.linux-x64"]
checksum = "sha256:bd0d0568ccded07bbf1c87727230dc5dd0187e706a87da23c4de78388a229b78"
url = "https://github.com/astral-sh/python-build-standalone/releases/download/20260924/cpython-3.14.7+20260924-x86_64-unknown-linux-gnu-install_only_stripped.tar.gz"
provenance = "github-attestations"

[tools.python."platforms.macos-arm64"]
checksum = "sha256:f0fb6b233971672dd7add4efa90f8c209a63253e457ffabd0148b9f734638319"
url = "https://github.com/astral-sh/python-build-standalone/releases/download/20260924/cpython-3.14.7+20260924-aarch64-apple-darwin-install_only_stripped.tar.gz"
provenance = "github-attestations"

[[tools.rust]]
version = "1.98.1"
backend = "core:rust"
specifiers = ["1.98.1"]
